// !$*UTF8*$!
{
	archiveVersion = 1;
	classes = {
	};
	objectVersion = 50;
	objects = {

/* Begin PBXBuildFile section */
		BA0DF1AC22226A9900817156 /* AppDelegate.swift in Sources */ = {isa = PBXBuildFile; fileRef = BA0DF1AB22226A9900817156 /* AppDelegate.swift */; };
		BA0DF1AE22226A9900817156 /* ViewController.swift in Sources */ = {isa = PBXBuildFile; fileRef = BA0DF1AD22226A9900817156 /* ViewController.swift */; };
		BA0DF1B122226A9900817156 /* Main.storyboard in Resources */ = {isa = PBXBuildFile; fileRef = BA0DF1AF22226A9900817156 /* Main.storyboard */; };
		BA0DF1B422226A9900817156 /* chipotleDiet.xcdatamodeld in Sources */ = {isa = PBXBuildFile; fileRef = BA0DF1B222226A9900817156 /* chipotleDiet.xcdatamodeld */; };
		BA0DF1B622226A9A00817156 /* Assets.xcassets in Resources */ = {isa = PBXBuildFile; fileRef = BA0DF1B522226A9A00817156 /* Assets.xcassets */; };
		BA0DF1B922226A9A00817156 /* LaunchScreen.storyboard in Resources */ = {isa = PBXBuildFile; fileRef = BA0DF1B722226A9A00817156 /* LaunchScreen.storyboard */; };
/* End PBXBuildFile section */

/* Begin PBXFileReference section */
		BA0DF1A822226A9900817156 /* chipotleDiet.app */ = {isa = PBXFileReference; explicitFileType = wrapper.application; includeInIndex = 0; path = chipotleDiet.app; sourceTree = BUILT_PRODUCTS_DIR; };
		BA0DF1AB22226A9900817156 /* AppDelegate.swift */ = {isa = PBXFileReference; lastKnownFileType = sourcecode.swift; path = AppDelegate.swift; sourceTree = "<group>"; };
		BA0DF1AD22226A9900817156 /* ViewController.swift */ = {isa = PBXFileReference; lastKnownFileType = sourcecode.swift; path = ViewController.swift; sourceTree = "<group>"; };
		BA0DF1B022226A9900817156 /* Base */ = {isa = PBXFileReference; lastKnownFileType = file.storyboard; name = Base; path = Base.lproj/Main.storyboard; sourceTree = "<group>"; };
		BA0DF1B322226A9900817156 /* chipotleDiet.xcdatamodel */ = {isa = PBXFileReference; lastKnownFileType = wrapper.xcdatamodel; path = chipotleDiet.xcdatamodel; sourceTree = "<group>"; };
		BA0DF1B522226A9A00817156 /* Assets.xcassets */ = {isa = PBXFileReference; lastKnownFileType = folder.assetcatalog; path = Assets.xcassets; sourceTree = "<group>"; };
		BA0DF1B822226A9A00817156 /* Base */ = {isa = PBXFileReference; lastKnownFileType = file.storyboard; name = Base; path = Base.lproj/LaunchScreen.storyboard; sourceTree = "<group>"; };
		BA0DF1BA22226A9A00817156 /* Info.plist */ = {isa = PBXFileReference; lastKnownFileType = text.plist.xml; path = Info.plist; sourceTree = "<group>"; };
/* End PBXFileReference section */

/* Begin PBXFrameworksBuildPhase section */
		BA0DF1A522226A9900817156 /* Frameworks */ = {
			isa = PBXFrameworksBuildPhase;
			buildActionMask = 2147483647;
			files = (
			);
			runOnlyForDeploymentPostprocessing = 0;
		};
/* End PBXFrameworksBuildPhase section */

/* Begin PBXGroup section */
		BA0DF19F22226A9900817156 = {
			isa = PBXGroup;
			children = (
				BA0DF1AA22226A9900817156 /* chipotleDiet */,
				BA0DF1A922226A9900817156 /* Products */,
			);
			sourceTree = "<group>";
		};
		BA0DF1A922226A9900817156 /* Products */ = {
			isa = PBXGroup;
			children = (
				BA0DF1A822226A9900817156 /* chipotleDiet.app */,
			);
			name = Products;
			sourceTree = "<group>";
		};
		BA0DF1AA22226A9900817156 /* chipotleDiet */ = {
			isa = PBXGroup;
			children = (
				BA0DF1AB22226A9900817156 /* AppDelegate.swift */,
				BA0DF1AD22226A9900817156 /* ViewController.swift */,
				BA0DF1AF22226A9900817156 /* Main.storyboard */,
				BA0DF1B522226A9A00817156 /* Assets.xcassets */,
				BA0DF1B722226A9A00817156 /* LaunchScreen.storyboard */,
				BA0DF1BA22226A9A00817156 /* Info.plist */,
				BA0DF1B222226A9900817156 /* chipotleDiet.xcdatamodeld */,
			);
			path = chipotleDiet;
			sourceTree = "<group>";
		};
/* End PBXGroup section */

/* Begin PBXNativeTarget section */
		BA0DF1A722226A9900817156 /* chipotleDiet */ = {
			isa = PBXNativeTarget;
			buildConfigurationList = BA0DF1BD22226A9A00817156 /* Build configuration list for PBXNativeTarget "chipotleDiet" */;
			buildPhases = (
				BA0DF1A422226A9900817156 /* Sources */,
				BA0DF1A522226A9900817156 /* Frameworks */,
				BA0DF1A622226A9900817156 /* Resources */,
			);
			buildRules = (
			);
			dependencies = (
			);
			name = chipotleDiet;
			productName = chipotleDiet;
			productReference = BA0DF1A822226A9900817156 /* chipotleDiet.app */;
			productType = "com.apple.product-type.application";
		};
/* End PBXNativeTarget section */

/* Begin PBXProject section */
		BA0DF1A022226A9900817156 /* Project object */ = {
			isa = PBXProject;
			attributes = {
				LastSwiftUpdateCheck = 1010;
				LastUpgradeCheck = 1010;
				ORGANIZATIONNAME = " admin";
				TargetAttributes = {
					BA0DF1A722226A9900817156 = {
						CreatedOnToolsVersion = 10.1;
					};
				};
			};
			buildConfigurationList = BA0DF1A322226A9900817156 /* Build configuration list for PBXProject "chipotleDiet" */;
			compatibilityVersion = "Xcode 9.3";
			developmentRegion = en;
			hasScannedForEncodings = 0;
			knownRegions = (
				en,
				Base,
			);
			mainGroup = BA0DF19F22226A9900817156;
			productRefGroup = BA0DF1A922226A9900817156 /* Products */;
			projectDirPath = "";
			projectRoot = "";
			targets = (
				BA0DF1A722226A9900817156 /* chipotleDiet */,
			);
		};
/* End PBXProject section */

/* Begin PBXResourcesBuildPhase section */
		BA0DF1A622226A9900817156 /* Resources */ = {
			isa = PBXResourcesBuildPhase;
			buildActionMask = 2147483647;
			files = (
				BA0DF1B922226A9A00817156 /* LaunchScreen.storyboard in Resources */,
				BA0DF1B622226A9A00817156 /* Assets.xcassets in Resources */,
				BA0DF1B122226A9900817156 /* Main.storyboard in Resources */,
			);
			runOnlyForDeploymentPostprocessing = 0;
		};
/* End PBXResourcesBuildPhase section */

/* Begin PBXSourcesBuildPhase section */
		BA0DF1A422226A9900817156 /* Sources */ = {
			isa = PBXSourcesBuildPhase;
			buildActionMask = 2147483647;
			files = (
				BA0DF1AE22226A9900817156 /* ViewController.swift in Sources */,
				BA0DF1B422226A9900817156 /* chipotleDiet.xcdatamodeld in Sources */,
				BA0DF1AC22226A9900817156 /* AppDelegate.swift in Sources */,
			);
			runOnlyForDeploymentPostprocessing = 0;
		};
/* End PBXSourcesBuildPhase section */

/* Begin PBXVariantGroup section */
		BA0DF1AF22226A9900817156 /* Main.storyboard */ = {
			isa = PBXVariantGroup;
			children = (
				BA0DF1B022226A9900817156 /* Base */,
			);
			name = Main.storyboard;
			sourceTree = "<group>";
		};
		BA0DF1B722226A9A00817156 /* LaunchScreen.storyboard */ = {
			isa = PBXVariantGroup;
			children = (
				BA0DF1B822226A9A00817156 /* Base */,
			);
			name = LaunchScreen.storyboard;
			sourceTree = "<group>";
		};
/* End PBXVariantGroup section */

/* Begin XCBuildConfiguration section */
		BA0DF1BB22226A9A00817156 /* Debug */ = {
			isa = XCBuildConfiguration;
			buildSettings = {
				ALWAYS_SEARCH_USER_PATHS = NO;
				CLANG_ANALYZER_NONNULL = YES;
				CLANG_ANALYZER_NUMBER_OBJECT_CONVERSION = YES_AGGRESSIVE;
				CLANG_CXX_LANGUAGE_STANDARD = "gnu++14";
				CLANG_CXX_LIBRARY = "libc++";
				CLANG_ENABLE_MODULES = YES;
				CLANG_ENABLE_OBJC_ARC = YES;
				CLANG_ENABLE_OBJC_WEAK = YES;
				CLANG_WARN_BLOCK_CAPTURE_AUTORELEASING = YES;
				CLANG_WARN_BOOL_CONVERSION = YES;
				CLANG_WARN_COMMA = YES;
				CLANG_WARN_CONSTANT_CONVERSION = YES;
				CLANG_WARN_DEPRECATED_OBJC_IMPLEMENTATIONS = YES;
				CLANG_WARN_DIRECT_OBJC_ISA_USAGE = YES_ERROR;
				CLANG_WARN_DOCUMENTATION_COMMENTS = YES;
				CLANG_WARN_EMPTY_BODY = YES;
				CLANG_WARN_ENUM_CONVERSION = YES;
				CLANG_WARN_INFINITE_RECURSION = YES;
				CLANG_WARN_INT_CONVERSION = YES;
				CLANG_WARN_NON_LITERAL_NULL_CONVERSION = YES;
				CLANG_WARN_OBJC_IMPLICIT_RETAIN_SELF = YES;
				CLANG_WARN_OBJC_LITERAL_CONVERSION = YES;
				CLANG_WARN_OBJC_ROOT_CLASS = YES_ERROR;
				CLANG_WARN_RANGE_LOOP_ANALYSIS = YES;
				CLANG_WARN_STRICT_PROTOTYPES = YES;
				CLANG_WARN_SUSPICIOUS_MOVE = YES;
				CLANG_WARN_UNGUARDED_AVAILABILITY = YES_AGGRESSIVE;
				CLANG_WARN_UNREACHABLE_CODE = YES;
				CLANG_WARN__DUPLICATE_METHOD_MATCH = YES;
				CODE_SIGN_IDENTITY = "iPhone Developer";
				COPY_PHASE_STRIP = NO;
				DEBUG_INFORMATION_FORMAT = dwarf;
				ENABLE_STRICT_OBJC_MSGSEND = YES;
				ENABLE_TESTABILITY = YES;
				GCC_C_LANGUAGE_STANDARD = gnu11;
				GCC_DYNAMIC_NO_PIC = NO;
				GCC_NO_COMMON_BLOCKS = YES;
				GCC_OPTIMIZATION_LEVEL = 0;
				GCC_PREPROCESSOR_DEFINITIONS = (
					"DEBUG=1",
					"$(inherited)",
				);
				GCC_WARN_64_TO_32_BIT_CONVERSION = YES;
				GCC_WARN_ABOUT_RETURN_TYPE = YES_ERROR;
				GCC_WARN_UNDECLARED_SELECTOR = YES;
				GCC_WARN_UNINITIALIZED_AUTOS = YES_AGGRESSIVE;
				GCC_WARN_UNUSED_FUNCTION = YES;
				GCC_WARN_UNUSED_VARIABLE = YES;
				IPHONEOS_DEPLOYMENT_TARGET = 12.1;
				MTL_ENABLE_DEBUG_INFO = INCLUDE_SOURCE;
				MTL_FAST_MATH = YES;
				ONLY_ACTIVE_ARCH = YES;
				SDKROOT = iphoneos;
				SWIFT_ACTIVE_COMPILATION_CONDITIONS = DEBUG;
				SWIFT_OPTIMIZATION_LEVEL = "-Onone";
			};
			name = Debug;
		};
		BA0DF1BC22226A9A00817156 /* Release */ = {
			isa = XCBuildConfiguration;
			buildSettings = {
				ALWAYS_SEARCH_USER_PATHS = NO;
				CLANG_ANALYZER_NONNULL = YES;
				CLANG_ANALYZER_NUMBER_OBJECT_CONVERSION = YES_AGGRESSIVE;
				CLANG_CXX_LANGUAGE_STANDARD = "gnu++14";
				CLANG_CXX_LIBRARY = "libc++";
				CLANG_ENABLE_MODULES = YES;
				CLANG_ENABLE_OBJC_ARC = YES;
				CLANG_ENABLE_OBJC_WEAK = YES;
				CLANG_WARN_BLOCK_CAPTURE_AUTORELEASING = YES;
				CLANG_WARN_BOOL_CONVERSION = YES;
				CLANG_WARN_COMMA = YES;
				CLANG_WARN_CONSTANT_CONVERSION = YES;
				CLANG_WARN_DEPRECATED_OBJC_IMPLEMENTATIONS = YES;
				CLANG_WARN_DIRECT_OBJC_ISA_USAGE = YES_ERROR;
				CLANG_WARN_DOCUMENTATION_COMMENTS = YES;
				CLANG_WARN_EMPTY_BODY = YES;
				CLANG_WARN_ENUM_CONVERSION = YES;
				CLANG_WARN_INFINITE_RECURSION = YES;
				CLANG_WARN_INT_CONVERSION = YES;
				CLANG_WARN_NON_LITERAL_NULL_CONVERSION = YES;
				CLANG_WARN_OBJC_IMPLICIT_RETAIN_SELF = YES;
				CLANG_WARN_OBJC_LITERAL_CONVERSION = YES;
				CLANG_WARN_OBJC_ROOT_CLASS = YES_ERROR;
				CLANG_WARN_RANGE_LOOP_ANALYSIS = YES;
				CLANG_WARN_STRICT_PROTOTYPES = YES;
				CLANG_WARN_SUSPICIOUS_MOVE = YES;
				CLANG_WARN_UNGUARDED_AVAILABILITY = YES_AGGRESSIVE;
				CLANG_WARN_UNREACHABLE_CODE = YES;
				CLANG_WARN__DUPLICATE_METHOD_MATCH = YES;
				CODE_SIGN_IDENTITY = "iPhone Developer";
				COPY_PHASE_STRIP = NO;
				DEBUG_INFORMATION_FORMAT = "dwarf-with-dsym";
				ENABLE_NS_ASSERTIONS = NO;
				ENABLE_STRICT_OBJC_MSGSEND = YES;
				GCC_C_LANGUAGE_STANDARD = gnu11;
				GCC_NO_COMMON_BLOCKS = YES;
				GCC_WARN_64_TO_32_BIT_CONVERSION = YES;
				GCC_WARN_ABOUT_RETURN_TYPE = YES_ERROR;
				GCC_WARN_UNDECLARED_SELECTOR = YES;
				GCC_WARN_UNINITIALIZED_AUTOS = YES_AGGRESSIVE;
				GCC_WARN_UNUSED_FUNCTION = YES;
				GCC_WARN_UNUSED_VARIABLE = YES;
				IPHONEOS_DEPLOYMENT_TARGET = 12.1;
				MTL_ENABLE_DEBUG_INFO = NO;
				MTL_FAST_MATH = YES;
				SDKROOT = iphoneos;
				SWIFT_COMPILATION_MODE = wholemodule;
				SWIFT_OPTIMIZATION_LEVEL = "-O";
				VALIDATE_PRODUCT = YES;
			};
			name = Release;
		};
		BA0DF1BE22226A9A00817156 /* Debug */ = {
			isa = XCBuildConfiguration;
			buildSettings = {
				ASSETCATALOG_COMPILER_APPICON_NAME = AppIcon;
				CODE_SIGN_STYLE = Automatic;
				INFOPLIST_FILE = chipotleDiet/Info.plist;
				LD_RUNPATH_SEARCH_PATHS = (
					"$(inherited)",
					"@executable_path/Frameworks",
				);
				PRODUCT_BUNDLE_IDENTIFIER = com.chiragApps.chipotleDiet;
				PRODUCT_NAME = "$(TARGET_NAME)";
				SWIFT_VERSION = 4.2;
				TARGETED_DEVICE_FAMILY = "1,2";
			};
			name = Debug;
		};
		BA0DF1BF22226A9A00817156 /* Release */ = {
			isa = XCBuildConfiguration;
			buildSettings = {
				ASSETCATALOG_COMPILER_APPICON_NAME = AppIcon;
				CODE_SIGN_STYLE = Automatic;
				INFOPLIST_FILE = chipotleDiet/Info.plist;
				LD_RUNPATH_SEARCH_PATHS = (
					"$(inherited)",
					"@executable_path/Frameworks",
				);
				PRODUCT_BUNDLE_IDENTIFIER = com.chiragApps.chipotleDiet;
				PRODUCT_NAME = "$(TARGET_NAME)";
				SWIFT_VERSION = 4.2;
				TARGETED_DEVICE_FAMILY = "1,2";
			};
			name = Release;
		};
/* End XCBuildConfiguration section */

/* Begin XCConfigurationList section */
		BA0DF1A322226A9900817156 /* Build configuration list for PBXProject "chipotleDiet" */ = {
			isa = XCConfigurationList;
			buildConfigurations = (
				BA0DF1BB22226A9A00817156 /* Debug */,
				BA0DF1BC22226A9A00817156 /* Release */,
			);
			defaultConfigurationIsVisible = 0;
			defaultConfigurationName = Release;
		};
		BA0DF1BD22226A9A00817156 /* Build configuration list for PBXNativeTarget "chipotleDiet" */ = {
			isa = XCConfigurationList;
			buildConfigurations = (
				BA0DF1BE22226A9A00817156 /* Debug */,
				BA0DF1BF22226A9A00817156 /* Release */,
			);
			defaultConfigurationIsVisible = 0;
			defaultConfigurationName = Release;
		};
/* End XCConfigurationList section */

/* Begin XCVersionGroup section */
		BA0DF1B222226A9900817156 /* chipotleDiet.xcdatamodeld */ = {
			isa = XCVersionGroup;
			children = (
				BA0DF1B322226A9900817156 /* chipotleDiet.xcdatamodel */,
			);
			currentVersion = BA0DF1B322226A9900817156 /* chipotleDiet.xcdatamodel */;
			path = chipotleDiet.xcdatamodeld;
			sourceTree = "<group>";
			versionGroupType = wrapper.xcdatamodel;
		};
/* End XCVersionGroup section */
	};
	rootObject = BA0DF1A022226A9900817156 /* Project object */;
}
